
Microsoft Visual Studio Solution File, Format Version 10.00
# Visual Studio 2008
Project("{FAE04EC0-301F-11D3-BF4B-00C04F79EFBC}") = "Shutdown", "Shutdown\Shutdown.csproj", "{73451EA1-0C21-4B6A-8B77-BD6AFF0D7FDD}"
EndProject
Global
	GlobalSection(SolutionConfigurationPlatforms) = preSolution
		Debug|Any CPU = Debug|Any CPU
		Release|Any CPU = Release|Any CPU
	EndGlobalSection
	GlobalSection(ProjectConfigurationPlatforms) = postSolution
		{73451EA1-0C21-4B6A-8B77-BD6AFF0D7FDD}.Debug|Any CPU.ActiveCfg = Debug|Any CPU
		{73451EA1-0C21-4B6A-8B77-BD6AFF0D7FDD}.Debug|Any CPU.Build.0 = Debug|Any CPU
		{73451EA1-0C21-4B6A-8B77-BD6AFF0D7FDD}.Release|Any CPU.ActiveCfg = Release|Any CPU
		{73451EA1-0C21-4B6A-8B77-BD6AFF0D7FDD}.Release|Any CPU.Build.0 = Release|Any CPU
	EndGlobalSection
	GlobalSection(SolutionProperties) = preSolution
		HideSolutionNode = FALSE
	EndGlobalSection
EndGlobal
