
Microsoft Visual Studio Solution File, Format Version 10.00
# Visual Studio 2008
Project("{FAE04EC0-301F-11D3-BF4B-00C04F79EFBC}") = "DiskSpaceIndicator", "DiskSpaceIndicator\DiskSpaceIndicator.csproj", "{27303ACF-8C6F-4951-B7B6-7256D5657D2E}"
EndProject
Global
	GlobalSection(SolutionConfigurationPlatforms) = preSolution
		Debug|Any CPU = Debug|Any CPU
		Release|Any CPU = Release|Any CPU
	EndGlobalSection
	GlobalSection(ProjectConfigurationPlatforms) = postSolution
		{27303ACF-8C6F-4951-B7B6-7256D5657D2E}.Debug|Any CPU.ActiveCfg = Debug|Any CPU
		{27303ACF-8C6F-4951-B7B6-7256D5657D2E}.Debug|Any CPU.Build.0 = Debug|Any CPU
		{27303ACF-8C6F-4951-B7B6-7256D5657D2E}.Release|Any CPU.ActiveCfg = Release|Any CPU
		{27303ACF-8C6F-4951-B7B6-7256D5657D2E}.Release|Any CPU.Build.0 = Release|Any CPU
	EndGlobalSection
	GlobalSection(SolutionProperties) = preSolution
		HideSolutionNode = FALSE
	EndGlobalSection
EndGlobal
