Microsoft Visual Studio Solution File, Format Version 8.00
Project("{FAE04EC0-301F-11D3-BF4B-00C04F79EFBC}") = "XFriendsApp", "XFriendsApp.csproj", "{F4518DC3-7B65-47FE-842E-C01D2A5122DE}"
	ProjectSection(ProjectDependencies) = postProject
	EndProjectSection
EndProject
Global
	GlobalSection(SolutionConfiguration) = preSolution
		Debug = Debug
		Release = Release
	EndGlobalSection
	GlobalSection(ProjectConfiguration) = postSolution
		{F4518DC3-7B65-47FE-842E-C01D2A5122DE}.Debug.ActiveCfg = Debug|.NET
		{F4518DC3-7B65-47FE-842E-C01D2A5122DE}.Debug.Build.0 = Debug|.NET
		{F4518DC3-7B65-47FE-842E-C01D2A5122DE}.Release.ActiveCfg = Release|.NET
		{F4518DC3-7B65-47FE-842E-C01D2A5122DE}.Release.Build.0 = Release|.NET
	EndGlobalSection
	GlobalSection(ExtensibilityGlobals) = postSolution
	EndGlobalSection
	GlobalSection(ExtensibilityAddIns) = postSolution
	EndGlobalSection
EndGlobal
