Microsoft Visual Studio Solution File, Format Version 10.00
# Visual Studio 2008
Project("{FAE04EC0-301F-11D3-BF4B-00C04F79EFBC}") = "GPSLogger.UI", "GPSLogger.UI\GPSLogger.UI.csproj", "{419852A2-B06C-48E8-AB51-C07D0599F8D8}"
EndProject
Project("{FAE04EC0-301F-11D3-BF4B-00C04F79EFBC}") = "GPSLogger", "GPSLogger\GPSLogger.csproj", "{68201ACB-159F-4A27-954E-C6D14BD0FA57}"
EndProject
Project("{FAE04EC0-301F-11D3-BF4B-00C04F79EFBC}") = "GPXParser", "GPXParser\GPXParser.csproj", "{EF28F6D0-A1AF-4D37-BE88-5FF35F823BF5}"
EndProject
Project("{2150E333-8FDC-42A3-9474-1A3956D46DE8}") = "Example", "Example", "{34BA221D-CB16-48F5-8979-35D5A50C23A3}"
	ProjectSection(SolutionItems) = preProject
		Example.xml = Example.xml
	EndProjectSection
EndProject
Global
	GlobalSection(SolutionConfigurationPlatforms) = preSolution
		Debug|Any CPU = Debug|Any CPU
		Release|Any CPU = Release|Any CPU
	EndGlobalSection
	GlobalSection(ProjectConfigurationPlatforms) = postSolution
		{419852A2-B06C-48E8-AB51-C07D0599F8D8}.Debug|Any CPU.ActiveCfg = Debug|Any CPU
		{419852A2-B06C-48E8-AB51-C07D0599F8D8}.Debug|Any CPU.Build.0 = Debug|Any CPU
		{419852A2-B06C-48E8-AB51-C07D0599F8D8}.Release|Any CPU.ActiveCfg = Release|Any CPU
		{419852A2-B06C-48E8-AB51-C07D0599F8D8}.Release|Any CPU.Build.0 = Release|Any CPU
		{68201ACB-159F-4A27-954E-C6D14BD0FA57}.Debug|Any CPU.ActiveCfg = Debug|Any CPU
		{68201ACB-159F-4A27-954E-C6D14BD0FA57}.Debug|Any CPU.Build.0 = Debug|Any CPU
		{68201ACB-159F-4A27-954E-C6D14BD0FA57}.Release|Any CPU.ActiveCfg = Release|Any CPU
		{68201ACB-159F-4A27-954E-C6D14BD0FA57}.Release|Any CPU.Build.0 = Release|Any CPU
		{EF28F6D0-A1AF-4D37-BE88-5FF35F823BF5}.Debug|Any CPU.ActiveCfg = Debug|Any CPU
		{EF28F6D0-A1AF-4D37-BE88-5FF35F823BF5}.Debug|Any CPU.Build.0 = Debug|Any CPU
		{EF28F6D0-A1AF-4D37-BE88-5FF35F823BF5}.Release|Any CPU.ActiveCfg = Release|Any CPU
		{EF28F6D0-A1AF-4D37-BE88-5FF35F823BF5}.Release|Any CPU.Build.0 = Release|Any CPU
	EndGlobalSection
	GlobalSection(SolutionProperties) = preSolution
		HideSolutionNode = FALSE
	EndGlobalSection
EndGlobal
