
Microsoft Visual Studio Solution File, Format Version 12.00
# Visual Studio 2013
VisualStudioVersion = 12.0.21005.1
MinimumVisualStudioVersion = 10.0.40219.1
Project("{FAE04EC0-301F-11D3-BF4B-00C04F79EFBC}") = "GPS.GUI", "GPS Cycling\GPS.GUI.csproj", "{0DA05BBD-B6A9-4F0D-9362-1ACEAD8AA5FE}"
EndProject
Project("{FAE04EC0-301F-11D3-BF4B-00C04F79EFBC}") = "GPX", "GPXParser\GPX.csproj", "{EF28F6D0-A1AF-4D37-BE88-5FF35F823BF5}"
EndProject
Project("{FAE04EC0-301F-11D3-BF4B-00C04F79EFBC}") = "GPS.Data", "GPS.Data\GPS.Data.csproj", "{7E49E4DC-AA6C-4390-B237-DA6311F5033D}"
EndProject
Global
	GlobalSection(SolutionConfigurationPlatforms) = preSolution
		Debug|Any CPU = Debug|Any CPU
		Release|Any CPU = Release|Any CPU
	EndGlobalSection
	GlobalSection(ProjectConfigurationPlatforms) = postSolution
		{0DA05BBD-B6A9-4F0D-9362-1ACEAD8AA5FE}.Debug|Any CPU.ActiveCfg = Debug|Any CPU
		{0DA05BBD-B6A9-4F0D-9362-1ACEAD8AA5FE}.Debug|Any CPU.Build.0 = Debug|Any CPU
		{0DA05BBD-B6A9-4F0D-9362-1ACEAD8AA5FE}.Release|Any CPU.ActiveCfg = Release|Any CPU
		{0DA05BBD-B6A9-4F0D-9362-1ACEAD8AA5FE}.Release|Any CPU.Build.0 = Release|Any CPU
		{EF28F6D0-A1AF-4D37-BE88-5FF35F823BF5}.Debug|Any CPU.ActiveCfg = Debug|Any CPU
		{EF28F6D0-A1AF-4D37-BE88-5FF35F823BF5}.Debug|Any CPU.Build.0 = Debug|Any CPU
		{EF28F6D0-A1AF-4D37-BE88-5FF35F823BF5}.Release|Any CPU.ActiveCfg = Release|Any CPU
		{EF28F6D0-A1AF-4D37-BE88-5FF35F823BF5}.Release|Any CPU.Build.0 = Release|Any CPU
		{7E49E4DC-AA6C-4390-B237-DA6311F5033D}.Debug|Any CPU.ActiveCfg = Debug|Any CPU
		{7E49E4DC-AA6C-4390-B237-DA6311F5033D}.Debug|Any CPU.Build.0 = Debug|Any CPU
		{7E49E4DC-AA6C-4390-B237-DA6311F5033D}.Release|Any CPU.ActiveCfg = Release|Any CPU
		{7E49E4DC-AA6C-4390-B237-DA6311F5033D}.Release|Any CPU.Build.0 = Release|Any CPU
	EndGlobalSection
	GlobalSection(SolutionProperties) = preSolution
		HideSolutionNode = FALSE
	EndGlobalSection
EndGlobal
