
Microsoft Visual Studio Solution File, Format Version 11.00
# Visual Studio 2010
Project("{FAE04EC0-301F-11D3-BF4B-00C04F79EFBC}") = "TileWorldBuilder", "TileWorldBuilder\TileWorldBuilder.csproj", "{AFD71E04-CBF2-4D0F-BB3A-9E931D295ADD}"
EndProject
Global
	GlobalSection(SolutionConfigurationPlatforms) = preSolution
		Debug|x86 = Debug|x86
		Release|x86 = Release|x86
	EndGlobalSection
	GlobalSection(ProjectConfigurationPlatforms) = postSolution
		{AFD71E04-CBF2-4D0F-BB3A-9E931D295ADD}.Debug|x86.ActiveCfg = Debug|x86
		{AFD71E04-CBF2-4D0F-BB3A-9E931D295ADD}.Debug|x86.Build.0 = Debug|x86
		{AFD71E04-CBF2-4D0F-BB3A-9E931D295ADD}.Release|x86.ActiveCfg = Release|x86
		{AFD71E04-CBF2-4D0F-BB3A-9E931D295ADD}.Release|x86.Build.0 = Release|x86
	EndGlobalSection
	GlobalSection(SolutionProperties) = preSolution
		HideSolutionNode = FALSE
	EndGlobalSection
EndGlobal
